
Microsoft Visual Studio Solution File, Format Version 12.00
# Visual Studio Version 16
VisualStudioVersion = 16.0.30907.101
MinimumVisualStudioVersion = 10.0.40219.1
Project("{9A19103F-16F7-4668-BE54-9A1E7A4F7556}") = "DataAccess", "DataAccess\DataAccess.csproj", "{6B1EF880-DF7F-45F7-9FB3-9260767FDCCA}"
EndProject
Project("{9A19103F-16F7-4668-BE54-9A1E7A4F7556}") = "Business", "Business\Business.csproj", "{CD0A4857-D200-4D82-A825-305AB1833AD3}"
EndProject
Project("{9A19103F-16F7-4668-BE54-9A1E7A4F7556}") = "Entities", "Entities\Entities.csproj", "{E4F5A578-6E1C-4AE3-B009-003AE9E3B75C}"
EndProject
Project("{9A19103F-16F7-4668-BE54-9A1E7A4F7556}") = "ConsoleUI", "ConsoleUI\ConsoleUI.csproj", "{7B1AEAA4-8153-47C8-908C-83C4D8BE1926}"
EndProject
Project("{9A19103F-16F7-4668-BE54-9A1E7A4F7556}") = "Core", "Core\Core.csproj", "{A6347046-8C6B-4654-85E5-66BE251E7A05}"
EndProject
Project("{FAE04EC0-301F-11D3-BF4B-00C04F79EFBC}") = "WebAPI", "WebAPI\WebAPI.csproj", "{435356D5-7C1A-483B-B328-95873FC3A9DA}"
EndProject
Global
	GlobalSection(SolutionConfigurationPlatforms) = preSolution
		Debug|Any CPU = Debug|Any CPU
		Release|Any CPU = Release|Any CPU
	EndGlobalSection
	GlobalSection(ProjectConfigurationPlatforms) = postSolution
		{6B1EF880-DF7F-45F7-9FB3-9260767FDCCA}.Debug|Any CPU.ActiveCfg = Debug|Any CPU
		{6B1EF880-DF7F-45F7-9FB3-9260767FDCCA}.Debug|Any CPU.Build.0 = Debug|Any CPU
		{6B1EF880-DF7F-45F7-9FB3-9260767FDCCA}.Release|Any CPU.ActiveCfg = Release|Any CPU
		{6B1EF880-DF7F-45F7-9FB3-9260767FDCCA}.Release|Any CPU.Build.0 = Release|Any CPU
		{CD0A4857-D200-4D82-A825-305AB1833AD3}.Debug|Any CPU.ActiveCfg = Debug|Any CPU
		{CD0A4857-D200-4D82-A825-305AB1833AD3}.Debug|Any CPU.Build.0 = Debug|Any CPU
		{CD0A4857-D200-4D82-A825-305AB1833AD3}.Release|Any CPU.ActiveCfg = Release|Any CPU
		{CD0A4857-D200-4D82-A825-305AB1833AD3}.Release|Any CPU.Build.0 = Release|Any CPU
		{E4F5A578-6E1C-4AE3-B009-003AE9E3B75C}.Debug|Any CPU.ActiveCfg = Debug|Any CPU
		{E4F5A578-6E1C-4AE3-B009-003AE9E3B75C}.Debug|Any CPU.Build.0 = Debug|Any CPU
		{E4F5A578-6E1C-4AE3-B009-003AE9E3B75C}.Release|Any CPU.ActiveCfg = Release|Any CPU
		{E4F5A578-6E1C-4AE3-B009-003AE9E3B75C}.Release|Any CPU.Build.0 = Release|Any CPU
		{7B1AEAA4-8153-47C8-908C-83C4D8BE1926}.Debug|Any CPU.ActiveCfg = Debug|Any CPU
		{7B1AEAA4-8153-47C8-908C-83C4D8BE1926}.Debug|Any CPU.Build.0 = Debug|Any CPU
		{7B1AEAA4-8153-47C8-908C-83C4D8BE1926}.Release|Any CPU.ActiveCfg = Release|Any CPU
		{7B1AEAA4-8153-47C8-908C-83C4D8BE1926}.Release|Any CPU.Build.0 = Release|Any CPU
		{A6347046-8C6B-4654-85E5-66BE251E7A05}.Debug|Any CPU.ActiveCfg = Debug|Any CPU
		{A6347046-8C6B-4654-85E5-66BE251E7A05}.Debug|Any CPU.Build.0 = Debug|Any CPU
		{A6347046-8C6B-4654-85E5-66BE251E7A05}.Release|Any CPU.ActiveCfg = Release|Any CPU
		{A6347046-8C6B-4654-85E5-66BE251E7A05}.Release|Any CPU.Build.0 = Release|Any CPU
		{435356D5-7C1A-483B-B328-95873FC3A9DA}.Debug|Any CPU.ActiveCfg = Debug|Any CPU
		{435356D5-7C1A-483B-B328-95873FC3A9DA}.Debug|Any CPU.Build.0 = Debug|Any CPU
		{435356D5-7C1A-483B-B328-95873FC3A9DA}.Release|Any CPU.ActiveCfg = Release|Any CPU
		{435356D5-7C1A-483B-B328-95873FC3A9DA}.Release|Any CPU.Build.0 = Release|Any CPU
	EndGlobalSection
	GlobalSection(SolutionProperties) = preSolution
		HideSolutionNode = FALSE
	EndGlobalSection
	GlobalSection(ExtensibilityGlobals) = postSolution
		SolutionGuid = {70A74FE7-BE7E-4F67-8DBB-2189842AFA24}
	EndGlobalSection
EndGlobal
